
Microsoft Visual Studio Solution File, Format Version 12.00
# Visual Studio Version 17
VisualStudioVersion = 17.7.34221.43
MinimumVisualStudioVersion = 10.0.40219.1
Project("{888888A0-9F3D-457C-B088-3A5042F75D52}") = "frequency.dat,", "frequency.dat,.pyproj", "{1EFF7365-2BE2-405F-9FA8-A26ECCEA0020}"
EndProject
Global
	GlobalSection(SolutionConfigurationPlatforms) = preSolution
		Debug|Any CPU = Debug|Any CPU
		Release|Any CPU = Release|Any CPU
	EndGlobalSection
	GlobalSection(ProjectConfigurationPlatforms) = postSolution
		{1EFF7365-2BE2-405F-9FA8-A26ECCEA0020}.Debug|Any CPU.ActiveCfg = Debug|Any CPU
		{1EFF7365-2BE2-405F-9FA8-A26ECCEA0020}.Release|Any CPU.ActiveCfg = Release|Any CPU
	EndGlobalSection
	GlobalSection(SolutionProperties) = preSolution
		HideSolutionNode = FALSE
	EndGlobalSection
	GlobalSection(ExtensibilityGlobals) = postSolution
		SolutionGuid = {A152C120-7368-4460-AF9C-746D07C83D72}
	EndGlobalSection
EndGlobal
